
Microsoft Visual Studio Solution File, Format Version 12.00
# Visual Studio Version 17
VisualStudioVersion = 17.2.32519.379
MinimumVisualStudioVersion = 10.0.40219.1
Project("{FAE04EC0-301F-11D3-BF4B-00C04F79EFBC}") = "FindFileInFolderAndSubfolders", "FindFileInFolderAndSubfolders\FindFileInFolderAndSubfolders.csproj", "{018D09A2-63BD-41E4-BCF1-602F24D6591A}"
EndProject
Global
	GlobalSection(SolutionConfigurationPlatforms) = preSolution
		Debug|Any CPU = Debug|Any CPU
		Release|Any CPU = Release|Any CPU
	EndGlobalSection
	GlobalSection(ProjectConfigurationPlatforms) = postSolution
		{018D09A2-63BD-41E4-BCF1-602F24D6591A}.Debug|Any CPU.ActiveCfg = Debug|Any CPU
		{018D09A2-63BD-41E4-BCF1-602F24D6591A}.Debug|Any CPU.Build.0 = Debug|Any CPU
		{018D09A2-63BD-41E4-BCF1-602F24D6591A}.Release|Any CPU.ActiveCfg = Release|Any CPU
		{018D09A2-63BD-41E4-BCF1-602F24D6591A}.Release|Any CPU.Build.0 = Release|Any CPU
	EndGlobalSection
	GlobalSection(SolutionProperties) = preSolution
		HideSolutionNode = FALSE
	EndGlobalSection
	GlobalSection(ExtensibilityGlobals) = postSolution
		SolutionGuid = {4B5D9790-1D5F-41A8-A76D-C7A477B4411D}
	EndGlobalSection
EndGlobal
